
Microsoft Visual Studio Solution File, Format Version 12.00
# Visual Studio Version 17
VisualStudioVersion = 17.13.35818.85 d17.13
MinimumVisualStudioVersion = 10.0.40219.1
Project("{FAE04EC0-301F-11D3-BF4B-00C04F79EFBC}") = "EasyBooking", "EasyBooking\EasyBooking.csproj", "{78BCC9F0-DC2C-41FD-BD5B-6A3EE0263ACB}"
EndProject
Global
	GlobalSection(SolutionConfigurationPlatforms) = preSolution
		Debug|Any CPU = Debug|Any CPU
		Release|Any CPU = Release|Any CPU
	EndGlobalSection
	GlobalSection(ProjectConfigurationPlatforms) = postSolution
		{78BCC9F0-DC2C-41FD-BD5B-6A3EE0263ACB}.Debug|Any CPU.ActiveCfg = Debug|Any CPU
		{78BCC9F0-DC2C-41FD-BD5B-6A3EE0263ACB}.Debug|Any CPU.Build.0 = Debug|Any CPU
		{78BCC9F0-DC2C-41FD-BD5B-6A3EE0263ACB}.Release|Any CPU.ActiveCfg = Release|Any CPU
		{78BCC9F0-DC2C-41FD-BD5B-6A3EE0263ACB}.Release|Any CPU.Build.0 = Release|Any CPU
	EndGlobalSection
	GlobalSection(SolutionProperties) = preSolution
		HideSolutionNode = FALSE
	EndGlobalSection
	GlobalSection(ExtensibilityGlobals) = postSolution
		SolutionGuid = {16127AC2-5249-48F2-8615-B5C005466A58}
	EndGlobalSection
EndGlobal
